// !$*UTF8*$!
{
	archiveVersion = 1;
	classes = {
	};
	objectVersion = 46;
	objects = {

/* Begin PBXBuildFile section */
		27B3796A1BC625F50070DFBF /* AppDelegate.swift in Sources */ = {isa = PBXBuildFile; fileRef = 27B379691BC625F50070DFBF /* AppDelegate.swift */; };
		27B3796C1BC625F50070DFBF /* ViewController.swift in Sources */ = {isa = PBXBuildFile; fileRef = 27B3796B1BC625F50070DFBF /* ViewController.swift */; };
		27B3796F1BC625F50070DFBF /* Main.storyboard in Resources */ = {isa = PBXBuildFile; fileRef = 27B3796D1BC625F50070DFBF /* Main.storyboard */; };
		27B379711BC625F50070DFBF /* Assets.xcassets in Resources */ = {isa = PBXBuildFile; fileRef = 27B379701BC625F50070DFBF /* Assets.xcassets */; };
		27B379741BC625F50070DFBF /* LaunchScreen.storyboard in Resources */ = {isa = PBXBuildFile; fileRef = 27B379721BC625F50070DFBF /* LaunchScreen.storyboard */; };
		27B3797F1BC625F50070DFBF /* MutiplicationTableTests.swift in Sources */ = {isa = PBXBuildFile; fileRef = 27B3797E1BC625F50070DFBF /* MutiplicationTableTests.swift */; };
		27B3798A1BC625F50070DFBF /* MutiplicationTableUITests.swift in Sources */ = {isa = PBXBuildFile; fileRef = 27B379891BC625F50070DFBF /* MutiplicationTableUITests.swift */; };
/* End PBXBuildFile section */

/* Begin PBXContainerItemProxy section */
		27B3797B1BC625F50070DFBF /* PBXContainerItemProxy */ = {
			isa = PBXContainerItemProxy;
			containerPortal = 27B3795E1BC625F50070DFBF /* Project object */;
			proxyType = 1;
			remoteGlobalIDString = 27B379651BC625F50070DFBF;
			remoteInfo = MutiplicationTable;
		};
		27B379861BC625F50070DFBF /* PBXContainerItemProxy */ = {
			isa = PBXContainerItemProxy;
			containerPortal = 27B3795E1BC625F50070DFBF /* Project object */;
			proxyType = 1;
			remoteGlobalIDString = 27B379651BC625F50070DFBF;
			remoteInfo = MutiplicationTable;
		};
/* End PBXContainerItemProxy section */

/* Begin PBXFileReference section */
		27B379661BC625F50070DFBF /* MutiplicationTable.app */ = {isa = PBXFileReference; explicitFileType = wrapper.application; includeInIndex = 0; path = MutiplicationTable.app; sourceTree = BUILT_PRODUCTS_DIR; };
		27B379691BC625F50070DFBF /* AppDelegate.swift */ = {isa = PBXFileReference; lastKnownFileType = sourcecode.swift; path = AppDelegate.swift; sourceTree = "<group>"; };
		27B3796B1BC625F50070DFBF /* ViewController.swift */ = {isa = PBXFileReference; lastKnownFileType = sourcecode.swift; path = ViewController.swift; sourceTree = "<group>"; };
		27B3796E1BC625F50070DFBF /* Base */ = {isa = PBXFileReference; lastKnownFileType = file.storyboard; name = Base; path = Base.lproj/Main.storyboard; sourceTree = "<group>"; };
		27B379701BC625F50070DFBF /* Assets.xcassets */ = {isa = PBXFileReference; lastKnownFileType = folder.assetcatalog; path = Assets.xcassets; sourceTree = "<group>"; };
		27B379731BC625F50070DFBF /* Base */ = {isa = PBXFileReference; lastKnownFileType = file.storyboard; name = Base; path = Base.lproj/LaunchScreen.storyboard; sourceTree = "<group>"; };
		27B379751BC625F50070DFBF /* Info.plist */ = {isa = PBXFileReference; lastKnownFileType = text.plist.xml; path = Info.plist; sourceTree = "<group>"; };
		27B3797A1BC625F50070DFBF /* MutiplicationTableTests.xctest */ = {isa = PBXFileReference; explicitFileType = wrapper.cfbundle; includeInIndex = 0; path = MutiplicationTableTests.xctest; sourceTree = BUILT_PRODUCTS_DIR; };
		27B3797E1BC625F50070DFBF /* MutiplicationTableTests.swift */ = {isa = PBXFileReference; lastKnownFileType = sourcecode.swift; path = MutiplicationTableTests.swift; sourceTree = "<group>"; };
		27B379801BC625F50070DFBF /* Info.plist */ = {isa = PBXFileReference; lastKnownFileType = text.plist.xml; path = Info.plist; sourceTree = "<group>"; };
		27B379851BC625F50070DFBF /* MutiplicationTableUITests.xctest */ = {isa = PBXFileReference; explicitFileType = wrapper.cfbundle; includeInIndex = 0; path = MutiplicationTableUITests.xctest; sourceTree = BUILT_PRODUCTS_DIR; };
		27B379891BC625F50070DFBF /* MutiplicationTableUITests.swift */ = {isa = PBXFileReference; lastKnownFileType = sourcecode.swift; path = MutiplicationTableUITests.swift; sourceTree = "<group>"; };
		27B3798B1BC625F50070DFBF /* Info.plist */ = {isa = PBXFileReference; lastKnownFileType = text.plist.xml; path = Info.plist; sourceTree = "<group>"; };
/* End PBXFileReference section */

/* Begin PBXFrameworksBuildPhase section */
		27B379631BC625F50070DFBF /* Frameworks */ = {
			isa = PBXFrameworksBuildPhase;
			buildActionMask = 2147483647;
			files = (
			);
			runOnlyForDeploymentPostprocessing = 0;
		};
		27B379771BC625F50070DFBF /* Frameworks */ = {
			isa = PBXFrameworksBuildPhase;
			buildActionMask = 2147483647;
			files = (
			);
			runOnlyForDeploymentPostprocessing = 0;
		};
		27B379821BC625F50070DFBF /* Frameworks */ = {
			isa = PBXFrameworksBuildPhase;
			buildActionMask = 2147483647;
			files = (
			);
			runOnlyForDeploymentPostprocessing = 0;
		};
/* End PBXFrameworksBuildPhase section */

/* Begin PBXGroup section */
		27B3795D1BC625F50070DFBF = {
			isa = PBXGroup;
			children = (
				27B379681BC625F50070DFBF /* MutiplicationTable */,
				27B3797D1BC625F50070DFBF /* MutiplicationTableTests */,
				27B379881BC625F50070DFBF /* MutiplicationTableUITests */,
				27B379671BC625F50070DFBF /* Products */,
			);
			sourceTree = "<group>";
		};
		27B379671BC625F50070DFBF /* Products */ = {
			isa = PBXGroup;
			children = (
				27B379661BC625F50070DFBF /* MutiplicationTable.app */,
				27B3797A1BC625F50070DFBF /* MutiplicationTableTests.xctest */,
				27B379851BC625F50070DFBF /* MutiplicationTableUITests.xctest */,
			);
			name = Products;
			sourceTree = "<group>";
		};
		27B379681BC625F50070DFBF /* MutiplicationTable */ = {
			isa = PBXGroup;
			children = (
				27B379691BC625F50070DFBF /* AppDelegate.swift */,
				27B3796B1BC625F50070DFBF /* ViewController.swift */,
				27B3796D1BC625F50070DFBF /* Main.storyboard */,
				27B379701BC625F50070DFBF /* Assets.xcassets */,
				27B379721BC625F50070DFBF /* LaunchScreen.storyboard */,
				27B379751BC625F50070DFBF /* Info.plist */,
			);
			path = MutiplicationTable;
			sourceTree = "<group>";
		};
		27B3797D1BC625F50070DFBF /* MutiplicationTableTests */ = {
			isa = PBXGroup;
			children = (
				27B3797E1BC625F50070DFBF /* MutiplicationTableTests.swift */,
				27B379801BC625F50070DFBF /* Info.plist */,
			);
			path = MutiplicationTableTests;
			sourceTree = "<group>";
		};
		27B379881BC625F50070DFBF /* MutiplicationTableUITests */ = {
			isa = PBXGroup;
			children = (
				27B379891BC625F50070DFBF /* MutiplicationTableUITests.swift */,
				27B3798B1BC625F50070DFBF /* Info.plist */,
			);
			path = MutiplicationTableUITests;
			sourceTree = "<group>";
		};
/* End PBXGroup section */

/* Begin PBXNativeTarget section */
		27B379651BC625F50070DFBF /* MutiplicationTable */ = {
			isa = PBXNativeTarget;
			buildConfigurationList = 27B3798E1BC625F50070DFBF /* Build configuration list for PBXNativeTarget "MutiplicationTable" */;
			buildPhases = (
				27B379621BC625F50070DFBF /* Sources */,
				27B379631BC625F50070DFBF /* Frameworks */,
				27B379641BC625F50070DFBF /* Resources */,
			);
			buildRules = (
			);
			dependencies = (
			);
			name = MutiplicationTable;
			productName = MutiplicationTable;
			productReference = 27B379661BC625F50070DFBF /* MutiplicationTable.app */;
			productType = "com.apple.product-type.application";
		};
		27B379791BC625F50070DFBF /* MutiplicationTableTests */ = {
			isa = PBXNativeTarget;
			buildConfigurationList = 27B379911BC625F50070DFBF /* Build configuration list for PBXNativeTarget "MutiplicationTableTests" */;
			buildPhases = (
				27B379761BC625F50070DFBF /* Sources */,
				27B379771BC625F50070DFBF /* Frameworks */,
				27B379781BC625F50070DFBF /* Resources */,
			);
			buildRules = (
			);
			dependencies = (
				27B3797C1BC625F50070DFBF /* PBXTargetDependency */,
			);
			name = MutiplicationTableTests;
			productName = MutiplicationTableTests;
			productReference = 27B3797A1BC625F50070DFBF /* MutiplicationTableTests.xctest */;
			productType = "com.apple.product-type.bundle.unit-test";
		};
		27B379841BC625F50070DFBF /* MutiplicationTableUITests */ = {
			isa = PBXNativeTarget;
			buildConfigurationList = 27B379941BC625F50070DFBF /* Build configuration list for PBXNativeTarget "MutiplicationTableUITests" */;
			buildPhases = (
				27B379811BC625F50070DFBF /* Sources */,
				27B379821BC625F50070DFBF /* Frameworks */,
				27B379831BC625F50070DFBF /* Resources */,
			);
			buildRules = (
			);
			dependencies = (
				27B379871BC625F50070DFBF /* PBXTargetDependency */,
			);
			name = MutiplicationTableUITests;
			productName = MutiplicationTableUITests;
			productReference = 27B379851BC625F50070DFBF /* MutiplicationTableUITests.xctest */;
			productType = "com.apple.product-type.bundle.ui-testing";
		};
/* End PBXNativeTarget section */

/* Begin PBXProject section */
		27B3795E1BC625F50070DFBF /* Project object */ = {
			isa = PBXProject;
			attributes = {
				LastUpgradeCheck = 0700;
				ORGANIZATIONNAME = "Chris Archibald";
				TargetAttributes = {
					27B379651BC625F50070DFBF = {
						CreatedOnToolsVersion = 7.0.1;
					};
					27B379791BC625F50070DFBF = {
						CreatedOnToolsVersion = 7.0.1;
						TestTargetID = 27B379651BC625F50070DFBF;
					};
					27B379841BC625F50070DFBF = {
						CreatedOnToolsVersion = 7.0.1;
						TestTargetID = 27B379651BC625F50070DFBF;
					};
				};
			};
			buildConfigurationList = 27B379611BC625F50070DFBF /* Build configuration list for PBXProject "MutiplicationTable" */;
			compatibilityVersion = "Xcode 3.2";
			developmentRegion = English;
			hasScannedForEncodings = 0;
			knownRegions = (
				en,
				Base,
			);
			mainGroup = 27B3795D1BC625F50070DFBF;
			productRefGroup = 27B379671BC625F50070DFBF /* Products */;
			projectDirPath = "";
			projectRoot = "";
			targets = (
				27B379651BC625F50070DFBF /* MutiplicationTable */,
				27B379791BC625F50070DFBF /* MutiplicationTableTests */,
				27B379841BC625F50070DFBF /* MutiplicationTableUITests */,
			);
		};
/* End PBXProject section */

/* Begin PBXResourcesBuildPhase section */
		27B379641BC625F50070DFBF /* Resources */ = {
			isa = PBXResourcesBuildPhase;
			buildActionMask = 2147483647;
			files = (
				27B379741BC625F50070DFBF /* LaunchScreen.storyboard in Resources */,
				27B379711BC625F50070DFBF /* Assets.xcassets in Resources */,
				27B3796F1BC625F50070DFBF /* Main.storyboard in Resources */,
			);
			runOnlyForDeploymentPostprocessing = 0;
		};
		27B379781BC625F50070DFBF /* Resources */ = {
			isa = PBXResourcesBuildPhase;
			buildActionMask = 2147483647;
			files = (
			);
			runOnlyForDeploymentPostprocessing = 0;
		};
		27B379831BC625F50070DFBF /* Resources */ = {
			isa = PBXResourcesBuildPhase;
			buildActionMask = 2147483647;
			files = (
			);
			runOnlyForDeploymentPostprocessing = 0;
		};
/* End PBXResourcesBuildPhase section */

/* Begin PBXSourcesBuildPhase section */
		27B379621BC625F50070DFBF /* Sources */ = {
			isa = PBXSourcesBuildPhase;
			buildActionMask = 2147483647;
			files = (
				27B3796C1BC625F50070DFBF /* ViewController.swift in Sources */,
				27B3796A1BC625F50070DFBF /* AppDelegate.swift in Sources */,
			);
			runOnlyForDeploymentPostprocessing = 0;
		};
		27B379761BC625F50070DFBF /* Sources */ = {
			isa = PBXSourcesBuildPhase;
			buildActionMask = 2147483647;
			files = (
				27B3797F1BC625F50070DFBF /* MutiplicationTableTests.swift in Sources */,
			);
			runOnlyForDeploymentPostprocessing = 0;
		};
		27B379811BC625F50070DFBF /* Sources */ = {
			isa = PBXSourcesBuildPhase;
			buildActionMask = 2147483647;
			files = (
				27B3798A1BC625F50070DFBF /* MutiplicationTableUITests.swift in Sources */,
			);
			runOnlyForDeploymentPostprocessing = 0;
		};
/* End PBXSourcesBuildPhase section */

/* Begin PBXTargetDependency section */
		27B3797C1BC625F50070DFBF /* PBXTargetDependency */ = {
			isa = PBXTargetDependency;
			target = 27B379651BC625F50070DFBF /* MutiplicationTable */;
			targetProxy = 27B3797B1BC625F50070DFBF /* PBXContainerItemProxy */;
		};
		27B379871BC625F50070DFBF /* PBXTargetDependency */ = {
			isa = PBXTargetDependency;
			target = 27B379651BC625F50070DFBF /* MutiplicationTable */;
			targetProxy = 27B379861BC625F50070DFBF /* PBXContainerItemProxy */;
		};
/* End PBXTargetDependency section */

/* Begin PBXVariantGroup section */
		27B3796D1BC625F50070DFBF /* Main.storyboard */ = {
			isa = PBXVariantGroup;
			children = (
				27B3796E1BC625F50070DFBF /* Base */,
			);
			name = Main.storyboard;
			sourceTree = "<group>";
		};
		27B379721BC625F50070DFBF /* LaunchScreen.storyboard */ = {
			isa = PBXVariantGroup;
			children = (
				27B379731BC625F50070DFBF /* Base */,
			);
			name = LaunchScreen.storyboard;
			sourceTree = "<group>";
		};
/* End PBXVariantGroup section */

/* Begin XCBuildConfiguration section */
		27B3798C1BC625F50070DFBF /* Debug */ = {
			isa = XCBuildConfiguration;
			buildSettings = {
				ALWAYS_SEARCH_USER_PATHS = NO;
				CLANG_CXX_LANGUAGE_STANDARD = "gnu++0x";
				CLANG_CXX_LIBRARY = "libc++";
				CLANG_ENABLE_MODULES = YES;
				CLANG_ENABLE_OBJC_ARC = YES;
				CLANG_WARN_BOOL_CONVERSION = YES;
				CLANG_WARN_CONSTANT_CONVERSION = YES;
				CLANG_WARN_DIRECT_OBJC_ISA_USAGE = YES_ERROR;
				CLANG_WARN_EMPTY_BODY = YES;
				CLANG_WARN_ENUM_CONVERSION = YES;
				CLANG_WARN_INT_CONVERSION = YES;
				CLANG_WARN_OBJC_ROOT_CLASS = YES_ERROR;
				CLANG_WARN_UNREACHABLE_CODE = YES;
				CLANG_WARN__DUPLICATE_METHOD_MATCH = YES;
				"CODE_SIGN_IDENTITY[sdk=iphoneos*]" = "iPhone Developer";
				COPY_PHASE_STRIP = NO;
				DEBUG_INFORMATION_FORMAT = dwarf;
				ENABLE_STRICT_OBJC_MSGSEND = YES;
				ENABLE_TESTABILITY = YES;
				GCC_C_LANGUAGE_STANDARD = gnu99;
				GCC_DYNAMIC_NO_PIC = NO;
				GCC_NO_COMMON_BLOCKS = YES;
				GCC_OPTIMIZATION_LEVEL = 0;
				GCC_PREPROCESSOR_DEFINITIONS = (
					"DEBUG=1",
					"$(inherited)",
				);
				GCC_WARN_64_TO_32_BIT_CONVERSION = YES;
				GCC_WARN_ABOUT_RETURN_TYPE = YES_ERROR;
				GCC_WARN_UNDECLARED_SELECTOR = YES;
				GCC_WARN_UNINITIALIZED_AUTOS = YES_AGGRESSIVE;
				GCC_WARN_UNUSED_FUNCTION = YES;
				GCC_WARN_UNUSED_VARIABLE = YES;
				IPHONEOS_DEPLOYMENT_TARGET = 9.0;
				MTL_ENABLE_DEBUG_INFO = YES;
				ONLY_ACTIVE_ARCH = YES;
				SDKROOT = iphoneos;
				SWIFT_OPTIMIZATION_LEVEL = "-Onone";
				TARGETED_DEVICE_FAMILY = "1,2";
			};
			name = Debug;
		};
		27B3798D1BC625F50070DFBF /* Release */ = {
			isa = XCBuildConfiguration;
			buildSettings = {
				ALWAYS_SEARCH_USER_PATHS = NO;
				CLANG_CXX_LANGUAGE_STANDARD = "gnu++0x";
				CLANG_CXX_LIBRARY = "libc++";
				CLANG_ENABLE_MODULES = YES;
				CLANG_ENABLE_OBJC_ARC = YES;
				CLANG_WARN_BOOL_CONVERSION = YES;
				CLANG_WARN_CONSTANT_CONVERSION = YES;
				CLANG_WARN_DIRECT_OBJC_ISA_USAGE = YES_ERROR;
				CLANG_WARN_EMPTY_BODY = YES;
				CLANG_WARN_ENUM_CONVERSION = YES;
				CLANG_WARN_INT_CONVERSION = YES;
				CLANG_WARN_OBJC_ROOT_CLASS = YES_ERROR;
				CLANG_WARN_UNREACHABLE_CODE = YES;
				CLANG_WARN__DUPLICATE_METHOD_MATCH = YES;
				"CODE_SIGN_IDENTITY[sdk=iphoneos*]" = "iPhone Developer";
				COPY_PHASE_STRIP = NO;
				DEBUG_INFORMATION_FORMAT = "dwarf-with-dsym";
				ENABLE_NS_ASSERTIONS = NO;
				ENABLE_STRICT_OBJC_MSGSEND = YES;
				GCC_C_LANGUAGE_STANDARD = gnu99;
				GCC_NO_COMMON_BLOCKS = YES;
				GCC_WARN_64_TO_32_BIT_CONVERSION = YES;
				GCC_WARN_ABOUT_RETURN_TYPE = YES_ERROR;
				GCC_WARN_UNDECLARED_SELECTOR = YES;
				GCC_WARN_UNINITIALIZED_AUTOS = YES_AGGRESSIVE;
				GCC_WARN_UNUSED_FUNCTION = YES;
				GCC_WARN_UNUSED_VARIABLE = YES;
				IPHONEOS_DEPLOYMENT_TARGET = 9.0;
				MTL_ENABLE_DEBUG_INFO = NO;
				SDKROOT = iphoneos;
				TARGETED_DEVICE_FAMILY = "1,2";
				VALIDATE_PRODUCT = YES;
			};
			name = Release;
		};
		27B3798F1BC625F50070DFBF /* Debug */ = {
			isa = XCBuildConfiguration;
			buildSettings = {
				ASSETCATALOG_COMPILER_APPICON_NAME = AppIcon;
				INFOPLIST_FILE = MutiplicationTable/Info.plist;
				LD_RUNPATH_SEARCH_PATHS = "$(inherited) @executable_path/Frameworks";
				PRODUCT_BUNDLE_IDENTIFIER = com.ogrebear.MutiplicationTable;
				PRODUCT_NAME = "$(TARGET_NAME)";
			};
			name = Debug;
		};
		27B379901BC625F50070DFBF /* Release */ = {
			isa = XCBuildConfiguration;
			buildSettings = {
				ASSETCATALOG_COMPILER_APPICON_NAME = AppIcon;
				INFOPLIST_FILE = MutiplicationTable/Info.plist;
				LD_RUNPATH_SEARCH_PATHS = "$(inherited) @executable_path/Frameworks";
				PRODUCT_BUNDLE_IDENTIFIER = com.ogrebear.MutiplicationTable;
				PRODUCT_NAME = "$(TARGET_NAME)";
			};
			name = Release;
		};
		27B379921BC625F50070DFBF /* Debug */ = {
			isa = XCBuildConfiguration;
			buildSettings = {
				BUNDLE_LOADER = "$(TEST_HOST)";
				INFOPLIST_FILE = MutiplicationTableTests/Info.plist;
				LD_RUNPATH_SEARCH_PATHS = "$(inherited) @executable_path/Frameworks @loader_path/Frameworks";
				PRODUCT_BUNDLE_IDENTIFIER = com.ogrebear.MutiplicationTableTests;
				PRODUCT_NAME = "$(TARGET_NAME)";
				TEST_HOST = "$(BUILT_PRODUCTS_DIR)/MutiplicationTable.app/MutiplicationTable";
			};
			name = Debug;
		};
		27B379931BC625F50070DFBF /* Release */ = {
			isa = XCBuildConfiguration;
			buildSettings = {
				BUNDLE_LOADER = "$(TEST_HOST)";
				INFOPLIST_FILE = MutiplicationTableTests/Info.plist;
				LD_RUNPATH_SEARCH_PATHS = "$(inherited) @executable_path/Frameworks @loader_path/Frameworks";
				PRODUCT_BUNDLE_IDENTIFIER = com.ogrebear.MutiplicationTableTests;
				PRODUCT_NAME = "$(TARGET_NAME)";
				TEST_HOST = "$(BUILT_PRODUCTS_DIR)/MutiplicationTable.app/MutiplicationTable";
			};
			name = Release;
		};
		27B379951BC625F50070DFBF /* Debug */ = {
			isa = XCBuildConfiguration;
			buildSettings = {
				INFOPLIST_FILE = MutiplicationTableUITests/Info.plist;
				LD_RUNPATH_SEARCH_PATHS = "$(inherited) @executable_path/Frameworks @loader_path/Frameworks";
				PRODUCT_BUNDLE_IDENTIFIER = com.ogrebear.MutiplicationTableUITests;
				PRODUCT_NAME = "$(TARGET_NAME)";
				TEST_TARGET_NAME = MutiplicationTable;
				USES_XCTRUNNER = YES;
			};
			name = Debug;
		};
		27B379961BC625F50070DFBF /* Release */ = {
			isa = XCBuildConfiguration;
			buildSettings = {
				INFOPLIST_FILE = MutiplicationTableUITests/Info.plist;
				LD_RUNPATH_SEARCH_PATHS = "$(inherited) @executable_path/Frameworks @loader_path/Frameworks";
				PRODUCT_BUNDLE_IDENTIFIER = com.ogrebear.MutiplicationTableUITests;
				PRODUCT_NAME = "$(TARGET_NAME)";
				TEST_TARGET_NAME = MutiplicationTable;
				USES_XCTRUNNER = YES;
			};
			name = Release;
		};
/* End XCBuildConfiguration section */

/* Begin XCConfigurationList section */
		27B379611BC625F50070DFBF /* Build configuration list for PBXProject "MutiplicationTable" */ = {
			isa = XCConfigurationList;
			buildConfigurations = (
				27B3798C1BC625F50070DFBF /* Debug */,
				27B3798D1BC625F50070DFBF /* Release */,
			);
			defaultConfigurationIsVisible = 0;
			defaultConfigurationName = Release;
		};
		27B3798E1BC625F50070DFBF /* Build configuration list for PBXNativeTarget "MutiplicationTable" */ = {
			isa = XCConfigurationList;
			buildConfigurations = (
				27B3798F1BC625F50070DFBF /* Debug */,
				27B379901BC625F50070DFBF /* Release */,
			);
			defaultConfigurationIsVisible = 0;
		};
		27B379911BC625F50070DFBF /* Build configuration list for PBXNativeTarget "MutiplicationTableTests" */ = {
			isa = XCConfigurationList;
			buildConfigurations = (
				27B379921BC625F50070DFBF /* Debug */,
				27B379931BC625F50070DFBF /* Release */,
			);
			defaultConfigurationIsVisible = 0;
		};
		27B379941BC625F50070DFBF /* Build configuration list for PBXNativeTarget "MutiplicationTableUITests" */ = {
			isa = XCConfigurationList;
			buildConfigurations = (
				27B379951BC625F50070DFBF /* Debug */,
				27B379961BC625F50070DFBF /* Release */,
			);
			defaultConfigurationIsVisible = 0;
		};
/* End XCConfigurationList section */
	};
	rootObject = 27B3795E1BC625F50070DFBF /* Project object */;
}
